// !$*UTF8*$!
{
	archiveVersion = 1;
	classes = {
	};
	objectVersion = 48;
	objects = {

/* Begin PBXBuildFile section */
		AC19BF1020E816F800E200B7 /* AppDelegate.swift in Sources */ = {isa = PBXBuildFile; fileRef = AC19BF0F20E816F800E200B7 /* AppDelegate.swift */; };
		AC19BF1820E816F800E200B7 /* MyTodoApp.xcdatamodeld in Sources */ = {isa = PBXBuildFile; fileRef = AC19BF1620E816F800E200B7 /* MyTodoApp.xcdatamodeld */; };
		AC19BF1A20E816F800E200B7 /* Assets.xcassets in Resources */ = {isa = PBXBuildFile; fileRef = AC19BF1920E816F800E200B7 /* Assets.xcassets */; };
		AC19BF1D20E816F800E200B7 /* LaunchScreen.storyboard in Resources */ = {isa = PBXBuildFile; fileRef = AC19BF1B20E816F800E200B7 /* LaunchScreen.storyboard */; };
		AC19BF2A20E81ACA00E200B7 /* SignInViewController.swift in Sources */ = {isa = PBXBuildFile; fileRef = AC19BF2920E81ACA00E200B7 /* SignInViewController.swift */; };
		AC19BF2C20E8299A00E200B7 /* Home.storyboard in Resources */ = {isa = PBXBuildFile; fileRef = AC19BF2B20E8299900E200B7 /* Home.storyboard */; };
		AC4FBFE820F1558000B6E25B /* Authentication.storyboard in Resources */ = {isa = PBXBuildFile; fileRef = AC4FBFE720F1558000B6E25B /* Authentication.storyboard */; };
		AC4FBFEA20F15C6100B6E25B /* SignUpViewController.swift in Sources */ = {isa = PBXBuildFile; fileRef = AC4FBFE920F15C6100B6E25B /* SignUpViewController.swift */; };
		AC4FBFEE20F1634300B6E25B /* ToDoViewController.swift in Sources */ = {isa = PBXBuildFile; fileRef = AC4FBFED20F1634300B6E25B /* ToDoViewController.swift */; };
		AC4FBFF120F1654A00B6E25B /* ToDo.swift in Sources */ = {isa = PBXBuildFile; fileRef = AC4FBFF020F1654A00B6E25B /* ToDo.swift */; };
		AC4FBFF320F165C500B6E25B /* Task.swift in Sources */ = {isa = PBXBuildFile; fileRef = AC4FBFF220F165C500B6E25B /* Task.swift */; };
		AC4FBFF820F1677400B6E25B /* TodosTableViewCell.swift in Sources */ = {isa = PBXBuildFile; fileRef = AC4FBFF620F1677400B6E25B /* TodosTableViewCell.swift */; };
		AC4FBFF920F1677400B6E25B /* TodosTableViewCell.xib in Resources */ = {isa = PBXBuildFile; fileRef = AC4FBFF720F1677400B6E25B /* TodosTableViewCell.xib */; };
		AC86086B2103D91A00BAB6E4 /* ToDos.storyboard in Resources */ = {isa = PBXBuildFile; fileRef = AC86086A2103D91A00BAB6E4 /* ToDos.storyboard */; };
		AC86086D2103D96900BAB6E4 /* Notes.storyboard in Resources */ = {isa = PBXBuildFile; fileRef = AC86086C2103D96900BAB6E4 /* Notes.storyboard */; };
		AC8608712103DBDC00BAB6E4 /* TodoDetailViewController.swift in Sources */ = {isa = PBXBuildFile; fileRef = AC8608702103DBDC00BAB6E4 /* TodoDetailViewController.swift */; };
		AC8608732103DC1000BAB6E4 /* NotesViewController.swift in Sources */ = {isa = PBXBuildFile; fileRef = AC8608722103DC1000BAB6E4 /* NotesViewController.swift */; };
		AC8608752103DC2300BAB6E4 /* NotesDetailViewController.swift in Sources */ = {isa = PBXBuildFile; fileRef = AC8608742103DC2300BAB6E4 /* NotesDetailViewController.swift */; };
/* End PBXBuildFile section */

/* Begin PBXFileReference section */
		AC19BF0C20E816F700E200B7 /* MyTodoApp.app */ = {isa = PBXFileReference; explicitFileType = wrapper.application; includeInIndex = 0; path = MyTodoApp.app; sourceTree = BUILT_PRODUCTS_DIR; };
		AC19BF0F20E816F800E200B7 /* AppDelegate.swift */ = {isa = PBXFileReference; lastKnownFileType = sourcecode.swift; path = AppDelegate.swift; sourceTree = "<group>"; };
		AC19BF1720E816F800E200B7 /* MyTodoApp.xcdatamodel */ = {isa = PBXFileReference; lastKnownFileType = wrapper.xcdatamodel; path = MyTodoApp.xcdatamodel; sourceTree = "<group>"; };
		AC19BF1920E816F800E200B7 /* Assets.xcassets */ = {isa = PBXFileReference; lastKnownFileType = folder.assetcatalog; path = Assets.xcassets; sourceTree = "<group>"; };
		AC19BF1C20E816F800E200B7 /* Base */ = {isa = PBXFileReference; lastKnownFileType = file.storyboard; name = Base; path = Base.lproj/LaunchScreen.storyboard; sourceTree = "<group>"; };
		AC19BF1E20E816F800E200B7 /* Info.plist */ = {isa = PBXFileReference; lastKnownFileType = text.plist.xml; path = Info.plist; sourceTree = "<group>"; };
		AC19BF2920E81ACA00E200B7 /* SignInViewController.swift */ = {isa = PBXFileReference; lastKnownFileType = sourcecode.swift; path = SignInViewController.swift; sourceTree = "<group>"; };
		AC19BF2B20E8299900E200B7 /* Home.storyboard */ = {isa = PBXFileReference; lastKnownFileType = file.storyboard; path = Home.storyboard; sourceTree = "<group>"; };
		AC4FBFE720F1558000B6E25B /* Authentication.storyboard */ = {isa = PBXFileReference; lastKnownFileType = file.storyboard; path = Authentication.storyboard; sourceTree = "<group>"; };
		AC4FBFE920F15C6100B6E25B /* SignUpViewController.swift */ = {isa = PBXFileReference; lastKnownFileType = sourcecode.swift; path = SignUpViewController.swift; sourceTree = "<group>"; };
		AC4FBFED20F1634300B6E25B /* ToDoViewController.swift */ = {isa = PBXFileReference; lastKnownFileType = sourcecode.swift; path = ToDoViewController.swift; sourceTree = "<group>"; };
		AC4FBFF020F1654A00B6E25B /* ToDo.swift */ = {isa = PBXFileReference; lastKnownFileType = sourcecode.swift; path = ToDo.swift; sourceTree = "<group>"; };
		AC4FBFF220F165C500B6E25B /* Task.swift */ = {isa = PBXFileReference; lastKnownFileType = sourcecode.swift; path = Task.swift; sourceTree = "<group>"; };
		AC4FBFF620F1677400B6E25B /* TodosTableViewCell.swift */ = {isa = PBXFileReference; lastKnownFileType = sourcecode.swift; path = TodosTableViewCell.swift; sourceTree = "<group>"; };
		AC4FBFF720F1677400B6E25B /* TodosTableViewCell.xib */ = {isa = PBXFileReference; lastKnownFileType = file.xib; path = TodosTableViewCell.xib; sourceTree = "<group>"; };
		AC86086A2103D91A00BAB6E4 /* ToDos.storyboard */ = {isa = PBXFileReference; lastKnownFileType = file.storyboard; path = ToDos.storyboard; sourceTree = "<group>"; };
		AC86086C2103D96900BAB6E4 /* Notes.storyboard */ = {isa = PBXFileReference; lastKnownFileType = file.storyboard; path = Notes.storyboard; sourceTree = "<group>"; };
		AC8608702103DBDC00BAB6E4 /* TodoDetailViewController.swift */ = {isa = PBXFileReference; lastKnownFileType = sourcecode.swift; path = TodoDetailViewController.swift; sourceTree = "<group>"; };
		AC8608722103DC1000BAB6E4 /* NotesViewController.swift */ = {isa = PBXFileReference; lastKnownFileType = sourcecode.swift; path = NotesViewController.swift; sourceTree = "<group>"; };
		AC8608742103DC2300BAB6E4 /* NotesDetailViewController.swift */ = {isa = PBXFileReference; lastKnownFileType = sourcecode.swift; path = NotesDetailViewController.swift; sourceTree = "<group>"; };
/* End PBXFileReference section */

/* Begin PBXFrameworksBuildPhase section */
		AC19BF0920E816F700E200B7 /* Frameworks */ = {
			isa = PBXFrameworksBuildPhase;
			buildActionMask = 2147483647;
			files = (
			);
			runOnlyForDeploymentPostprocessing = 0;
		};
/* End PBXFrameworksBuildPhase section */

/* Begin PBXGroup section */
		AC19BF0320E816F700E200B7 = {
			isa = PBXGroup;
			children = (
				AC19BF0E20E816F700E200B7 /* MyTodoApp */,
				AC19BF0D20E816F700E200B7 /* Products */,
			);
			sourceTree = "<group>";
		};
		AC19BF0D20E816F700E200B7 /* Products */ = {
			isa = PBXGroup;
			children = (
				AC19BF0C20E816F700E200B7 /* MyTodoApp.app */,
			);
			name = Products;
			sourceTree = "<group>";
		};
		AC19BF0E20E816F700E200B7 /* MyTodoApp */ = {
			isa = PBXGroup;
			children = (
				AC4FBFF420F1673400B6E25B /* Views */,
				AC4FBFEF20F1652400B6E25B /* Models */,
				AC19BF2520E8197700E200B7 /* Controllers */,
				AC19BF2420E8195600E200B7 /* Storyboard */,
				AC19BF0F20E816F800E200B7 /* AppDelegate.swift */,
				AC19BF1920E816F800E200B7 /* Assets.xcassets */,
				AC19BF1B20E816F800E200B7 /* LaunchScreen.storyboard */,
				AC19BF1E20E816F800E200B7 /* Info.plist */,
				AC19BF1620E816F800E200B7 /* MyTodoApp.xcdatamodeld */,
			);
			path = MyTodoApp;
			sourceTree = "<group>";
		};
		AC19BF2420E8195600E200B7 /* Storyboard */ = {
			isa = PBXGroup;
			children = (
				AC19BF2B20E8299900E200B7 /* Home.storyboard */,
				AC4FBFE720F1558000B6E25B /* Authentication.storyboard */,
				AC86086A2103D91A00BAB6E4 /* ToDos.storyboard */,
				AC86086C2103D96900BAB6E4 /* Notes.storyboard */,
			);
			path = Storyboard;
			sourceTree = "<group>";
		};
		AC19BF2520E8197700E200B7 /* Controllers */ = {
			isa = PBXGroup;
			children = (
				AC86086F2103DB4C00BAB6E4 /* Notes */,
				AC86086E2103DB4400BAB6E4 /* ToDos */,
				AC4FBFEC20F1632500B6E25B /* Home */,
				AC4FBFEB20F1630900B6E25B /* Authentication */,
			);
			path = Controllers;
			sourceTree = "<group>";
		};
		AC4FBFEB20F1630900B6E25B /* Authentication */ = {
			isa = PBXGroup;
			children = (
				AC19BF2920E81ACA00E200B7 /* SignInViewController.swift */,
				AC4FBFE920F15C6100B6E25B /* SignUpViewController.swift */,
			);
			path = Authentication;
			sourceTree = "<group>";
		};
		AC4FBFEC20F1632500B6E25B /* Home */ = {
			isa = PBXGroup;
			children = (
			);
			path = Home;
			sourceTree = "<group>";
		};
		AC4FBFEF20F1652400B6E25B /* Models */ = {
			isa = PBXGroup;
			children = (
				AC4FBFF020F1654A00B6E25B /* ToDo.swift */,
				AC4FBFF220F165C500B6E25B /* Task.swift */,
			);
			path = Models;
			sourceTree = "<group>";
		};
		AC4FBFF420F1673400B6E25B /* Views */ = {
			isa = PBXGroup;
			children = (
				AC4FBFF520F1673B00B6E25B /* TodosTableCell */,
			);
			path = Views;
			sourceTree = "<group>";
		};
		AC4FBFF520F1673B00B6E25B /* TodosTableCell */ = {
			isa = PBXGroup;
			children = (
				AC4FBFF620F1677400B6E25B /* TodosTableViewCell.swift */,
				AC4FBFF720F1677400B6E25B /* TodosTableViewCell.xib */,
			);
			path = TodosTableCell;
			sourceTree = "<group>";
		};
		AC86086E2103DB4400BAB6E4 /* ToDos */ = {
			isa = PBXGroup;
			children = (
				AC4FBFED20F1634300B6E25B /* ToDoViewController.swift */,
				AC8608702103DBDC00BAB6E4 /* TodoDetailViewController.swift */,
			);
			path = ToDos;
			sourceTree = "<group>";
		};
		AC86086F2103DB4C00BAB6E4 /* Notes */ = {
			isa = PBXGroup;
			children = (
				AC8608722103DC1000BAB6E4 /* NotesViewController.swift */,
				AC8608742103DC2300BAB6E4 /* NotesDetailViewController.swift */,
			);
			path = Notes;
			sourceTree = "<group>";
		};
/* End PBXGroup section */

/* Begin PBXNativeTarget section */
		AC19BF0B20E816F700E200B7 /* MyTodoApp */ = {
			isa = PBXNativeTarget;
			buildConfigurationList = AC19BF2120E816F800E200B7 /* Build configuration list for PBXNativeTarget "MyTodoApp" */;
			buildPhases = (
				AC19BF0820E816F700E200B7 /* Sources */,
				AC19BF0920E816F700E200B7 /* Frameworks */,
				AC19BF0A20E816F700E200B7 /* Resources */,
			);
			buildRules = (
			);
			dependencies = (
			);
			name = MyTodoApp;
			productName = MyTodoApp;
			productReference = AC19BF0C20E816F700E200B7 /* MyTodoApp.app */;
			productType = "com.apple.product-type.application";
		};
/* End PBXNativeTarget section */

/* Begin PBXProject section */
		AC19BF0420E816F700E200B7 /* Project object */ = {
			isa = PBXProject;
			attributes = {
				LastSwiftUpdateCheck = 0910;
				LastUpgradeCheck = 0910;
				ORGANIZATIONNAME = DoApps;
				TargetAttributes = {
					AC19BF0B20E816F700E200B7 = {
						CreatedOnToolsVersion = 9.1;
						ProvisioningStyle = Automatic;
					};
				};
			};
			buildConfigurationList = AC19BF0720E816F700E200B7 /* Build configuration list for PBXProject "MyTodoApp" */;
			compatibilityVersion = "Xcode 8.0";
			developmentRegion = en;
			hasScannedForEncodings = 0;
			knownRegions = (
				en,
				Base,
			);
			mainGroup = AC19BF0320E816F700E200B7;
			productRefGroup = AC19BF0D20E816F700E200B7 /* Products */;
			projectDirPath = "";
			projectRoot = "";
			targets = (
				AC19BF0B20E816F700E200B7 /* MyTodoApp */,
			);
		};
/* End PBXProject section */

/* Begin PBXResourcesBuildPhase section */
		AC19BF0A20E816F700E200B7 /* Resources */ = {
			isa = PBXResourcesBuildPhase;
			buildActionMask = 2147483647;
			files = (
				AC4FBFE820F1558000B6E25B /* Authentication.storyboard in Resources */,
				AC86086D2103D96900BAB6E4 /* Notes.storyboard in Resources */,
				AC19BF1D20E816F800E200B7 /* LaunchScreen.storyboard in Resources */,
				AC19BF1A20E816F800E200B7 /* Assets.xcassets in Resources */,
				AC4FBFF920F1677400B6E25B /* TodosTableViewCell.xib in Resources */,
				AC86086B2103D91A00BAB6E4 /* ToDos.storyboard in Resources */,
				AC19BF2C20E8299A00E200B7 /* Home.storyboard in Resources */,
			);
			runOnlyForDeploymentPostprocessing = 0;
		};
/* End PBXResourcesBuildPhase section */

/* Begin PBXSourcesBuildPhase section */
		AC19BF0820E816F700E200B7 /* Sources */ = {
			isa = PBXSourcesBuildPhase;
			buildActionMask = 2147483647;
			files = (
				AC4FBFEE20F1634300B6E25B /* ToDoViewController.swift in Sources */,
				AC19BF1820E816F800E200B7 /* MyTodoApp.xcdatamodeld in Sources */,
				AC8608752103DC2300BAB6E4 /* NotesDetailViewController.swift in Sources */,
				AC19BF1020E816F800E200B7 /* AppDelegate.swift in Sources */,
				AC4FBFF120F1654A00B6E25B /* ToDo.swift in Sources */,
				AC4FBFEA20F15C6100B6E25B /* SignUpViewController.swift in Sources */,
				AC4FBFF320F165C500B6E25B /* Task.swift in Sources */,
				AC8608732103DC1000BAB6E4 /* NotesViewController.swift in Sources */,
				AC19BF2A20E81ACA00E200B7 /* SignInViewController.swift in Sources */,
				AC4FBFF820F1677400B6E25B /* TodosTableViewCell.swift in Sources */,
				AC8608712103DBDC00BAB6E4 /* TodoDetailViewController.swift in Sources */,
			);
			runOnlyForDeploymentPostprocessing = 0;
		};
/* End PBXSourcesBuildPhase section */

/* Begin PBXVariantGroup section */
		AC19BF1B20E816F800E200B7 /* LaunchScreen.storyboard */ = {
			isa = PBXVariantGroup;
			children = (
				AC19BF1C20E816F800E200B7 /* Base */,
			);
			name = LaunchScreen.storyboard;
			sourceTree = "<group>";
		};
/* End PBXVariantGroup section */

/* Begin XCBuildConfiguration section */
		AC19BF1F20E816F800E200B7 /* Debug */ = {
			isa = XCBuildConfiguration;
			buildSettings = {
				ALWAYS_SEARCH_USER_PATHS = NO;
				CLANG_ANALYZER_NONNULL = YES;
				CLANG_ANALYZER_NUMBER_OBJECT_CONVERSION = YES_AGGRESSIVE;
				CLANG_CXX_LANGUAGE_STANDARD = "gnu++14";
				CLANG_CXX_LIBRARY = "libc++";
				CLANG_ENABLE_MODULES = YES;
				CLANG_ENABLE_OBJC_ARC = YES;
				CLANG_WARN_BLOCK_CAPTURE_AUTORELEASING = YES;
				CLANG_WARN_BOOL_CONVERSION = YES;
				CLANG_WARN_COMMA = YES;
				CLANG_WARN_CONSTANT_CONVERSION = YES;
				CLANG_WARN_DIRECT_OBJC_ISA_USAGE = YES_ERROR;
				CLANG_WARN_DOCUMENTATION_COMMENTS = YES;
				CLANG_WARN_EMPTY_BODY = YES;
				CLANG_WARN_ENUM_CONVERSION = YES;
				CLANG_WARN_INFINITE_RECURSION = YES;
				CLANG_WARN_INT_CONVERSION = YES;
				CLANG_WARN_NON_LITERAL_NULL_CONVERSION = YES;
				CLANG_WARN_OBJC_LITERAL_CONVERSION = YES;
				CLANG_WARN_OBJC_ROOT_CLASS = YES_ERROR;
				CLANG_WARN_RANGE_LOOP_ANALYSIS = YES;
				CLANG_WARN_STRICT_PROTOTYPES = YES;
				CLANG_WARN_SUSPICIOUS_MOVE = YES;
				CLANG_WARN_UNGUARDED_AVAILABILITY = YES_AGGRESSIVE;
				CLANG_WARN_UNREACHABLE_CODE = YES;
				CLANG_WARN__DUPLICATE_METHOD_MATCH = YES;
				CODE_SIGN_IDENTITY = "iPhone Developer";
				COPY_PHASE_STRIP = NO;
				DEBUG_INFORMATION_FORMAT = dwarf;
				ENABLE_STRICT_OBJC_MSGSEND = YES;
				ENABLE_TESTABILITY = YES;
				GCC_C_LANGUAGE_STANDARD = gnu11;
				GCC_DYNAMIC_NO_PIC = NO;
				GCC_NO_COMMON_BLOCKS = YES;
				GCC_OPTIMIZATION_LEVEL = 0;
				GCC_PREPROCESSOR_DEFINITIONS = (
					"DEBUG=1",
					"$(inherited)",
				);
				GCC_WARN_64_TO_32_BIT_CONVERSION = YES;
				GCC_WARN_ABOUT_RETURN_TYPE = YES_ERROR;
				GCC_WARN_UNDECLARED_SELECTOR = YES;
				GCC_WARN_UNINITIALIZED_AUTOS = YES_AGGRESSIVE;
				GCC_WARN_UNUSED_FUNCTION = YES;
				GCC_WARN_UNUSED_VARIABLE = YES;
				IPHONEOS_DEPLOYMENT_TARGET = 11.1;
				MTL_ENABLE_DEBUG_INFO = YES;
				ONLY_ACTIVE_ARCH = YES;
				SDKROOT = iphoneos;
				SWIFT_ACTIVE_COMPILATION_CONDITIONS = DEBUG;
				SWIFT_OPTIMIZATION_LEVEL = "-Onone";
			};
			name = Debug;
		};
		AC19BF2020E816F800E200B7 /* Release */ = {
			isa = XCBuildConfiguration;
			buildSettings = {
				ALWAYS_SEARCH_USER_PATHS = NO;
				CLANG_ANALYZER_NONNULL = YES;
				CLANG_ANALYZER_NUMBER_OBJECT_CONVERSION = YES_AGGRESSIVE;
				CLANG_CXX_LANGUAGE_STANDARD = "gnu++14";
				CLANG_CXX_LIBRARY = "libc++";
				CLANG_ENABLE_MODULES = YES;
				CLANG_ENABLE_OBJC_ARC = YES;
				CLANG_WARN_BLOCK_CAPTURE_AUTORELEASING = YES;
				CLANG_WARN_BOOL_CONVERSION = YES;
				CLANG_WARN_COMMA = YES;
				CLANG_WARN_CONSTANT_CONVERSION = YES;
				CLANG_WARN_DIRECT_OBJC_ISA_USAGE = YES_ERROR;
				CLANG_WARN_DOCUMENTATION_COMMENTS = YES;
				CLANG_WARN_EMPTY_BODY = YES;
				CLANG_WARN_ENUM_CONVERSION = YES;
				CLANG_WARN_INFINITE_RECURSION = YES;
				CLANG_WARN_INT_CONVERSION = YES;
				CLANG_WARN_NON_LITERAL_NULL_CONVERSION = YES;
				CLANG_WARN_OBJC_LITERAL_CONVERSION = YES;
				CLANG_WARN_OBJC_ROOT_CLASS = YES_ERROR;
				CLANG_WARN_RANGE_LOOP_ANALYSIS = YES;
				CLANG_WARN_STRICT_PROTOTYPES = YES;
				CLANG_WARN_SUSPICIOUS_MOVE = YES;
				CLANG_WARN_UNGUARDED_AVAILABILITY = YES_AGGRESSIVE;
				CLANG_WARN_UNREACHABLE_CODE = YES;
				CLANG_WARN__DUPLICATE_METHOD_MATCH = YES;
				CODE_SIGN_IDENTITY = "iPhone Developer";
				COPY_PHASE_STRIP = NO;
				DEBUG_INFORMATION_FORMAT = "dwarf-with-dsym";
				ENABLE_NS_ASSERTIONS = NO;
				ENABLE_STRICT_OBJC_MSGSEND = YES;
				GCC_C_LANGUAGE_STANDARD = gnu11;
				GCC_NO_COMMON_BLOCKS = YES;
				GCC_WARN_64_TO_32_BIT_CONVERSION = YES;
				GCC_WARN_ABOUT_RETURN_TYPE = YES_ERROR;
				GCC_WARN_UNDECLARED_SELECTOR = YES;
				GCC_WARN_UNINITIALIZED_AUTOS = YES_AGGRESSIVE;
				GCC_WARN_UNUSED_FUNCTION = YES;
				GCC_WARN_UNUSED_VARIABLE = YES;
				IPHONEOS_DEPLOYMENT_TARGET = 11.1;
				MTL_ENABLE_DEBUG_INFO = NO;
				SDKROOT = iphoneos;
				SWIFT_OPTIMIZATION_LEVEL = "-Owholemodule";
				VALIDATE_PRODUCT = YES;
			};
			name = Release;
		};
		AC19BF2220E816F800E200B7 /* Debug */ = {
			isa = XCBuildConfiguration;
			buildSettings = {
				ASSETCATALOG_COMPILER_APPICON_NAME = AppIcon;
				CODE_SIGN_STYLE = Automatic;
				INFOPLIST_FILE = MyTodoApp/Info.plist;
				IPHONEOS_DEPLOYMENT_TARGET = 11.0;
				LD_RUNPATH_SEARCH_PATHS = "$(inherited) @executable_path/Frameworks";
				PRODUCT_BUNDLE_IDENTIFIER = me.doapps.MyTodoApp;
				PRODUCT_NAME = "$(TARGET_NAME)";
				SWIFT_VERSION = 4.0;
				TARGETED_DEVICE_FAMILY = "1,2";
			};
			name = Debug;
		};
		AC19BF2320E816F800E200B7 /* Release */ = {
			isa = XCBuildConfiguration;
			buildSettings = {
				ASSETCATALOG_COMPILER_APPICON_NAME = AppIcon;
				CODE_SIGN_STYLE = Automatic;
				INFOPLIST_FILE = MyTodoApp/Info.plist;
				IPHONEOS_DEPLOYMENT_TARGET = 11.0;
				LD_RUNPATH_SEARCH_PATHS = "$(inherited) @executable_path/Frameworks";
				PRODUCT_BUNDLE_IDENTIFIER = me.doapps.MyTodoApp;
				PRODUCT_NAME = "$(TARGET_NAME)";
				SWIFT_VERSION = 4.0;
				TARGETED_DEVICE_FAMILY = "1,2";
			};
			name = Release;
		};
/* End XCBuildConfiguration section */

/* Begin XCConfigurationList section */
		AC19BF0720E816F700E200B7 /* Build configuration list for PBXProject "MyTodoApp" */ = {
			isa = XCConfigurationList;
			buildConfigurations = (
				AC19BF1F20E816F800E200B7 /* Debug */,
				AC19BF2020E816F800E200B7 /* Release */,
			);
			defaultConfigurationIsVisible = 0;
			defaultConfigurationName = Release;
		};
		AC19BF2120E816F800E200B7 /* Build configuration list for PBXNativeTarget "MyTodoApp" */ = {
			isa = XCConfigurationList;
			buildConfigurations = (
				AC19BF2220E816F800E200B7 /* Debug */,
				AC19BF2320E816F800E200B7 /* Release */,
			);
			defaultConfigurationIsVisible = 0;
			defaultConfigurationName = Release;
		};
/* End XCConfigurationList section */

/* Begin XCVersionGroup section */
		AC19BF1620E816F800E200B7 /* MyTodoApp.xcdatamodeld */ = {
			isa = XCVersionGroup;
			children = (
				AC19BF1720E816F800E200B7 /* MyTodoApp.xcdatamodel */,
			);
			currentVersion = AC19BF1720E816F800E200B7 /* MyTodoApp.xcdatamodel */;
			path = MyTodoApp.xcdatamodeld;
			sourceTree = "<group>";
			versionGroupType = wrapper.xcdatamodel;
		};
/* End XCVersionGroup section */
	};
	rootObject = AC19BF0420E816F700E200B7 /* Project object */;
}
